
Microsoft Visual Studio Solution File, Format Version 12.00
# Visual Studio Version 17
VisualStudioVersion = 17.10.34928.147
MinimumVisualStudioVersion = 10.0.40219.1
Project("{9A19103F-16F7-4668-BE54-9A1E7A4F7556}") = "KYC360SecondStageInterview", "KYC360SecondStageInterview\KYC360SecondStageInterview.csproj", "{4C7FFBF7-F073-4F48-957A-1C87CBEB3FE0}"
EndProject
Project("{FAE04EC0-301F-11D3-BF4B-00C04F79EFBC}") = "DAL", "DAL\DAL.csproj", "{DE569A3A-413B-42EC-B64B-DC13F7AEE69E}"
EndProject
Project("{FAE04EC0-301F-11D3-BF4B-00C04F79EFBC}") = "DAL.Tests", "DAL.Tests\DAL.Tests.csproj", "{98A77114-0E8D-4FD3-9051-DE67A1354878}"
EndProject
Global
	GlobalSection(SolutionConfigurationPlatforms) = preSolution
		Debug|Any CPU = Debug|Any CPU
		Release|Any CPU = Release|Any CPU
	EndGlobalSection
	GlobalSection(ProjectConfigurationPlatforms) = postSolution
		{4C7FFBF7-F073-4F48-957A-1C87CBEB3FE0}.Debug|Any CPU.ActiveCfg = Debug|Any CPU
		{4C7FFBF7-F073-4F48-957A-1C87CBEB3FE0}.Debug|Any CPU.Build.0 = Debug|Any CPU
		{4C7FFBF7-F073-4F48-957A-1C87CBEB3FE0}.Release|Any CPU.ActiveCfg = Release|Any CPU
		{4C7FFBF7-F073-4F48-957A-1C87CBEB3FE0}.Release|Any CPU.Build.0 = Release|Any CPU
		{DE569A3A-413B-42EC-B64B-DC13F7AEE69E}.Debug|Any CPU.ActiveCfg = Debug|Any CPU
		{DE569A3A-413B-42EC-B64B-DC13F7AEE69E}.Debug|Any CPU.Build.0 = Debug|Any CPU
		{DE569A3A-413B-42EC-B64B-DC13F7AEE69E}.Release|Any CPU.ActiveCfg = Release|Any CPU
		{DE569A3A-413B-42EC-B64B-DC13F7AEE69E}.Release|Any CPU.Build.0 = Release|Any CPU
		{98A77114-0E8D-4FD3-9051-DE67A1354878}.Debug|Any CPU.ActiveCfg = Debug|Any CPU
		{98A77114-0E8D-4FD3-9051-DE67A1354878}.Debug|Any CPU.Build.0 = Debug|Any CPU
		{98A77114-0E8D-4FD3-9051-DE67A1354878}.Release|Any CPU.ActiveCfg = Release|Any CPU
		{98A77114-0E8D-4FD3-9051-DE67A1354878}.Release|Any CPU.Build.0 = Release|Any CPU
	EndGlobalSection
	GlobalSection(SolutionProperties) = preSolution
		HideSolutionNode = FALSE
	EndGlobalSection
	GlobalSection(ExtensibilityGlobals) = postSolution
		SolutionGuid = {98E23827-F257-489B-8201-7D2558FA72DC}
	EndGlobalSection
EndGlobal
